// !$*UTF8*$!
{
	archiveVersion = 1;
	classes = {
	};
	objectVersion = 55;
	objects = {

/* Begin PBXBuildFile section */
		322DF2632933F6E0001551DF /* AppDelegate.swift in Sources */ = {isa = PBXBuildFile; fileRef = 322DF2622933F6E0001551DF /* AppDelegate.swift */; };
		322DF2652933F6E0001551DF /* SceneDelegate.swift in Sources */ = {isa = PBXBuildFile; fileRef = 322DF2642933F6E0001551DF /* SceneDelegate.swift */; };
		322DF2672933F6E0001551DF /* ViewController.swift in Sources */ = {isa = PBXBuildFile; fileRef = 322DF2662933F6E0001551DF /* ViewController.swift */; };
		322DF26A2933F6E0001551DF /* Main.storyboard in Resources */ = {isa = PBXBuildFile; fileRef = 322DF2682933F6E0001551DF /* Main.storyboard */; };
		322DF26C2933F6E2001551DF /* Assets.xcassets in Resources */ = {isa = PBXBuildFile; fileRef = 322DF26B2933F6E2001551DF /* Assets.xcassets */; };
		322DF26F2933F6E2001551DF /* LaunchScreen.storyboard in Resources */ = {isa = PBXBuildFile; fileRef = 322DF26D2933F6E2001551DF /* LaunchScreen.storyboard */; };
		322DF2772933F931001551DF /* movieViewController.swift in Sources */ = {isa = PBXBuildFile; fileRef = 322DF2762933F931001551DF /* movieViewController.swift */; };
		322DF2792933FACA001551DF /* Structs.swift in Sources */ = {isa = PBXBuildFile; fileRef = 322DF2782933FACA001551DF /* Structs.swift */; };
		322DF27B2934006C001551DF /* movieCell.swift in Sources */ = {isa = PBXBuildFile; fileRef = 322DF27A2934006C001551DF /* movieCell.swift */; };
/* End PBXBuildFile section */

/* Begin PBXFileReference section */
		322DF25F2933F6E0001551DF /* JSON13.3Kanykey.app */ = {isa = PBXFileReference; explicitFileType = wrapper.application; includeInIndex = 0; path = JSON13.3Kanykey.app; sourceTree = BUILT_PRODUCTS_DIR; };
		322DF2622933F6E0001551DF /* AppDelegate.swift */ = {isa = PBXFileReference; lastKnownFileType = sourcecode.swift; path = AppDelegate.swift; sourceTree = "<group>"; };
		322DF2642933F6E0001551DF /* SceneDelegate.swift */ = {isa = PBXFileReference; lastKnownFileType = sourcecode.swift; path = SceneDelegate.swift; sourceTree = "<group>"; };
		322DF2662933F6E0001551DF /* ViewController.swift */ = {isa = PBXFileReference; lastKnownFileType = sourcecode.swift; path = ViewController.swift; sourceTree = "<group>"; };
		322DF2692933F6E0001551DF /* Base */ = {isa = PBXFileReference; lastKnownFileType = file.storyboard; name = Base; path = Base.lproj/Main.storyboard; sourceTree = "<group>"; };
		322DF26B2933F6E2001551DF /* Assets.xcassets */ = {isa = PBXFileReference; lastKnownFileType = folder.assetcatalog; path = Assets.xcassets; sourceTree = "<group>"; };
		322DF26E2933F6E2001551DF /* Base */ = {isa = PBXFileReference; lastKnownFileType = file.storyboard; name = Base; path = Base.lproj/LaunchScreen.storyboard; sourceTree = "<group>"; };
		322DF2702933F6E2001551DF /* Info.plist */ = {isa = PBXFileReference; lastKnownFileType = text.plist.xml; path = Info.plist; sourceTree = "<group>"; };
		322DF2762933F931001551DF /* movieViewController.swift */ = {isa = PBXFileReference; lastKnownFileType = sourcecode.swift; path = movieViewController.swift; sourceTree = "<group>"; };
		322DF2782933FACA001551DF /* Structs.swift */ = {isa = PBXFileReference; lastKnownFileType = sourcecode.swift; path = Structs.swift; sourceTree = "<group>"; };
		322DF27A2934006C001551DF /* movieCell.swift */ = {isa = PBXFileReference; lastKnownFileType = sourcecode.swift; path = movieCell.swift; sourceTree = "<group>"; };
/* End PBXFileReference section */

/* Begin PBXFrameworksBuildPhase section */
		322DF25C2933F6E0001551DF /* Frameworks */ = {
			isa = PBXFrameworksBuildPhase;
			buildActionMask = 2147483647;
			files = (
			);
			runOnlyForDeploymentPostprocessing = 0;
		};
/* End PBXFrameworksBuildPhase section */

/* Begin PBXGroup section */
		322DF2562933F6E0001551DF = {
			isa = PBXGroup;
			children = (
				322DF2612933F6E0001551DF /* JSON13.3Kanykey */,
				322DF2602933F6E0001551DF /* Products */,
			);
			sourceTree = "<group>";
		};
		322DF2602933F6E0001551DF /* Products */ = {
			isa = PBXGroup;
			children = (
				322DF25F2933F6E0001551DF /* JSON13.3Kanykey.app */,
			);
			name = Products;
			sourceTree = "<group>";
		};
		322DF2612933F6E0001551DF /* JSON13.3Kanykey */ = {
			isa = PBXGroup;
			children = (
				322DF2622933F6E0001551DF /* AppDelegate.swift */,
				322DF2642933F6E0001551DF /* SceneDelegate.swift */,
				322DF2662933F6E0001551DF /* ViewController.swift */,
				322DF2782933FACA001551DF /* Structs.swift */,
				322DF2762933F931001551DF /* movieViewController.swift */,
				322DF27A2934006C001551DF /* movieCell.swift */,
				322DF2682933F6E0001551DF /* Main.storyboard */,
				322DF26B2933F6E2001551DF /* Assets.xcassets */,
				322DF26D2933F6E2001551DF /* LaunchScreen.storyboard */,
				322DF2702933F6E2001551DF /* Info.plist */,
			);
			path = JSON13.3Kanykey;
			sourceTree = "<group>";
		};
/* End PBXGroup section */

/* Begin PBXNativeTarget section */
		322DF25E2933F6E0001551DF /* JSON13.3Kanykey */ = {
			isa = PBXNativeTarget;
			buildConfigurationList = 322DF2732933F6E2001551DF /* Build configuration list for PBXNativeTarget "JSON13.3Kanykey" */;
			buildPhases = (
				322DF25B2933F6E0001551DF /* Sources */,
				322DF25C2933F6E0001551DF /* Frameworks */,
				322DF25D2933F6E0001551DF /* Resources */,
			);
			buildRules = (
			);
			dependencies = (
			);
			name = JSON13.3Kanykey;
			productName = JSON13.3Kanykey;
			productReference = 322DF25F2933F6E0001551DF /* JSON13.3Kanykey.app */;
			productType = "com.apple.product-type.application";
		};
/* End PBXNativeTarget section */

/* Begin PBXProject section */
		322DF2572933F6E0001551DF /* Project object */ = {
			isa = PBXProject;
			attributes = {
				BuildIndependentTargetsInParallel = 1;
				LastSwiftUpdateCheck = 1340;
				LastUpgradeCheck = 1340;
				TargetAttributes = {
					322DF25E2933F6E0001551DF = {
						CreatedOnToolsVersion = 13.4.1;
					};
				};
			};
			buildConfigurationList = 322DF25A2933F6E0001551DF /* Build configuration list for PBXProject "JSON13.3Kanykey" */;
			compatibilityVersion = "Xcode 13.0";
			developmentRegion = en;
			hasScannedForEncodings = 0;
			knownRegions = (
				en,
				Base,
			);
			mainGroup = 322DF2562933F6E0001551DF;
			productRefGroup = 322DF2602933F6E0001551DF /* Products */;
			projectDirPath = "";
			projectRoot = "";
			targets = (
				322DF25E2933F6E0001551DF /* JSON13.3Kanykey */,
			);
		};
/* End PBXProject section */

/* Begin PBXResourcesBuildPhase section */
		322DF25D2933F6E0001551DF /* Resources */ = {
			isa = PBXResourcesBuildPhase;
			buildActionMask = 2147483647;
			files = (
				322DF26F2933F6E2001551DF /* LaunchScreen.storyboard in Resources */,
				322DF26C2933F6E2001551DF /* Assets.xcassets in Resources */,
				322DF26A2933F6E0001551DF /* Main.storyboard in Resources */,
			);
			runOnlyForDeploymentPostprocessing = 0;
		};
/* End PBXResourcesBuildPhase section */

/* Begin PBXSourcesBuildPhase section */
		322DF25B2933F6E0001551DF /* Sources */ = {
			isa = PBXSourcesBuildPhase;
			buildActionMask = 2147483647;
			files = (
				322DF27B2934006C001551DF /* movieCell.swift in Sources */,
				322DF2672933F6E0001551DF /* ViewController.swift in Sources */,
				322DF2632933F6E0001551DF /* AppDelegate.swift in Sources */,
				322DF2792933FACA001551DF /* Structs.swift in Sources */,
				322DF2652933F6E0001551DF /* SceneDelegate.swift in Sources */,
				322DF2772933F931001551DF /* movieViewController.swift in Sources */,
			);
			runOnlyForDeploymentPostprocessing = 0;
		};
/* End PBXSourcesBuildPhase section */

/* Begin PBXVariantGroup section */
		322DF2682933F6E0001551DF /* Main.storyboard */ = {
			isa = PBXVariantGroup;
			children = (
				322DF2692933F6E0001551DF /* Base */,
			);
			name = Main.storyboard;
			sourceTree = "<group>";
		};
		322DF26D2933F6E2001551DF /* LaunchScreen.storyboard */ = {
			isa = PBXVariantGroup;
			children = (
				322DF26E2933F6E2001551DF /* Base */,
			);
			name = LaunchScreen.storyboard;
			sourceTree = "<group>";
		};
/* End PBXVariantGroup section */

/* Begin XCBuildConfiguration section */
		322DF2712933F6E2001551DF /* Debug */ = {
			isa = XCBuildConfiguration;
			buildSettings = {
				ALWAYS_SEARCH_USER_PATHS = NO;
				CLANG_ANALYZER_NONNULL = YES;
				CLANG_ANALYZER_NUMBER_OBJECT_CONVERSION = YES_AGGRESSIVE;
				CLANG_CXX_LANGUAGE_STANDARD = "gnu++17";
				CLANG_ENABLE_MODULES = YES;
				CLANG_ENABLE_OBJC_ARC = YES;
				CLANG_ENABLE_OBJC_WEAK = YES;
				CLANG_WARN_BLOCK_CAPTURE_AUTORELEASING = YES;
				CLANG_WARN_BOOL_CONVERSION = YES;
				CLANG_WARN_COMMA = YES;
				CLANG_WARN_CONSTANT_CONVERSION = YES;
				CLANG_WARN_DEPRECATED_OBJC_IMPLEMENTATIONS = YES;
				CLANG_WARN_DIRECT_OBJC_ISA_USAGE = YES_ERROR;
				CLANG_WARN_DOCUMENTATION_COMMENTS = YES;
				CLANG_WARN_EMPTY_BODY = YES;
				CLANG_WARN_ENUM_CONVERSION = YES;
				CLANG_WARN_INFINITE_RECURSION = YES;
				CLANG_WARN_INT_CONVERSION = YES;
				CLANG_WARN_NON_LITERAL_NULL_CONVERSION = YES;
				CLANG_WARN_OBJC_IMPLICIT_RETAIN_SELF = YES;
				CLANG_WARN_OBJC_LITERAL_CONVERSION = YES;
				CLANG_WARN_OBJC_ROOT_CLASS = YES_ERROR;
				CLANG_WARN_QUOTED_INCLUDE_IN_FRAMEWORK_HEADER = YES;
				CLANG_WARN_RANGE_LOOP_ANALYSIS = YES;
				CLANG_WARN_STRICT_PROTOTYPES = YES;
				CLANG_WARN_SUSPICIOUS_MOVE = YES;
				CLANG_WARN_UNGUARDED_AVAILABILITY = YES_AGGRESSIVE;
				CLANG_WARN_UNREACHABLE_CODE = YES;
				CLANG_WARN__DUPLICATE_METHOD_MATCH = YES;
				COPY_PHASE_STRIP = NO;
				DEBUG_INFORMATION_FORMAT = dwarf;
				ENABLE_STRICT_OBJC_MSGSEND = YES;
				ENABLE_TESTABILITY = YES;
				GCC_C_LANGUAGE_STANDARD = gnu11;
				GCC_DYNAMIC_NO_PIC = NO;
				GCC_NO_COMMON_BLOCKS = YES;
				GCC_OPTIMIZATION_LEVEL = 0;
				GCC_PREPROCESSOR_DEFINITIONS = (
					"DEBUG=1",
					"$(inherited)",
				);
				GCC_WARN_64_TO_32_BIT_CONVERSION = YES;
				GCC_WARN_ABOUT_RETURN_TYPE = YES_ERROR;
				GCC_WARN_UNDECLARED_SELECTOR = YES;
				GCC_WARN_UNINITIALIZED_AUTOS = YES_AGGRESSIVE;
				GCC_WARN_UNUSED_FUNCTION = YES;
				GCC_WARN_UNUSED_VARIABLE = YES;
				IPHONEOS_DEPLOYMENT_TARGET = 15.5;
				MTL_ENABLE_DEBUG_INFO = INCLUDE_SOURCE;
				MTL_FAST_MATH = YES;
				ONLY_ACTIVE_ARCH = YES;
				SDKROOT = iphoneos;
				SWIFT_ACTIVE_COMPILATION_CONDITIONS = DEBUG;
				SWIFT_OPTIMIZATION_LEVEL = "-Onone";
			};
			name = Debug;
		};
		322DF2722933F6E2001551DF /* Release */ = {
			isa = XCBuildConfiguration;
			buildSettings = {
				ALWAYS_SEARCH_USER_PATHS = NO;
				CLANG_ANALYZER_NONNULL = YES;
				CLANG_ANALYZER_NUMBER_OBJECT_CONVERSION = YES_AGGRESSIVE;
				CLANG_CXX_LANGUAGE_STANDARD = "gnu++17";
				CLANG_ENABLE_MODULES = YES;
				CLANG_ENABLE_OBJC_ARC = YES;
				CLANG_ENABLE_OBJC_WEAK = YES;
				CLANG_WARN_BLOCK_CAPTURE_AUTORELEASING = YES;
				CLANG_WARN_BOOL_CONVERSION = YES;
				CLANG_WARN_COMMA = YES;
				CLANG_WARN_CONSTANT_CONVERSION = YES;
				CLANG_WARN_DEPRECATED_OBJC_IMPLEMENTATIONS = YES;
				CLANG_WARN_DIRECT_OBJC_ISA_USAGE = YES_ERROR;
				CLANG_WARN_DOCUMENTATION_COMMENTS = YES;
				CLANG_WARN_EMPTY_BODY = YES;
				CLANG_WARN_ENUM_CONVERSION = YES;
				CLANG_WARN_INFINITE_RECURSION = YES;
				CLANG_WARN_INT_CONVERSION = YES;
				CLANG_WARN_NON_LITERAL_NULL_CONVERSION = YES;
				CLANG_WARN_OBJC_IMPLICIT_RETAIN_SELF = YES;
				CLANG_WARN_OBJC_LITERAL_CONVERSION = YES;
				CLANG_WARN_OBJC_ROOT_CLASS = YES_ERROR;
				CLANG_WARN_QUOTED_INCLUDE_IN_FRAMEWORK_HEADER = YES;
				CLANG_WARN_RANGE_LOOP_ANALYSIS = YES;
				CLANG_WARN_STRICT_PROTOTYPES = YES;
				CLANG_WARN_SUSPICIOUS_MOVE = YES;
				CLANG_WARN_UNGUARDED_AVAILABILITY = YES_AGGRESSIVE;
				CLANG_WARN_UNREACHABLE_CODE = YES;
				CLANG_WARN__DUPLICATE_METHOD_MATCH = YES;
				COPY_PHASE_STRIP = NO;
				DEBUG_INFORMATION_FORMAT = "dwarf-with-dsym";
				ENABLE_NS_ASSERTIONS = NO;
				ENABLE_STRICT_OBJC_MSGSEND = YES;
				GCC_C_LANGUAGE_STANDARD = gnu11;
				GCC_NO_COMMON_BLOCKS = YES;
				GCC_WARN_64_TO_32_BIT_CONVERSION = YES;
				GCC_WARN_ABOUT_RETURN_TYPE = YES_ERROR;
				GCC_WARN_UNDECLARED_SELECTOR = YES;
				GCC_WARN_UNINITIALIZED_AUTOS = YES_AGGRESSIVE;
				GCC_WARN_UNUSED_FUNCTION = YES;
				GCC_WARN_UNUSED_VARIABLE = YES;
				IPHONEOS_DEPLOYMENT_TARGET = 15.5;
				MTL_ENABLE_DEBUG_INFO = NO;
				MTL_FAST_MATH = YES;
				SDKROOT = iphoneos;
				SWIFT_COMPILATION_MODE = wholemodule;
				SWIFT_OPTIMIZATION_LEVEL = "-O";
				VALIDATE_PRODUCT = YES;
			};
			name = Release;
		};
		322DF2742933F6E2001551DF /* Debug */ = {
			isa = XCBuildConfiguration;
			buildSettings = {
				ASSETCATALOG_COMPILER_APPICON_NAME = AppIcon;
				ASSETCATALOG_COMPILER_GLOBAL_ACCENT_COLOR_NAME = AccentColor;
				CODE_SIGN_STYLE = Automatic;
				CURRENT_PROJECT_VERSION = 1;
				DEVELOPMENT_TEAM = SZNRL69X85;
				GENERATE_INFOPLIST_FILE = YES;
				INFOPLIST_FILE = JSON13.3Kanykey/Info.plist;
				INFOPLIST_KEY_UIApplicationSupportsIndirectInputEvents = YES;
				INFOPLIST_KEY_UILaunchStoryboardName = LaunchScreen;
				INFOPLIST_KEY_UIMainStoryboardFile = Main;
				INFOPLIST_KEY_UISupportedInterfaceOrientations_iPad = "UIInterfaceOrientationPortrait UIInterfaceOrientationPortraitUpsideDown UIInterfaceOrientationLandscapeLeft UIInterfaceOrientationLandscapeRight";
				INFOPLIST_KEY_UISupportedInterfaceOrientations_iPhone = "UIInterfaceOrientationPortrait UIInterfaceOrientationLandscapeLeft UIInterfaceOrientationLandscapeRight";
				LD_RUNPATH_SEARCH_PATHS = (
					"$(inherited)",
					"@executable_path/Frameworks",
				);
				MARKETING_VERSION = 1.0;
				PRODUCT_BUNDLE_IDENTIFIER = "KanykeyAlbanova.JSON13-3Kanykey";
				PRODUCT_NAME = "$(TARGET_NAME)";
				SWIFT_EMIT_LOC_STRINGS = YES;
				SWIFT_VERSION = 5.0;
				TARGETED_DEVICE_FAMILY = "1,2";
			};
			name = Debug;
		};
		322DF2752933F6E2001551DF /* Release */ = {
			isa = XCBuildConfiguration;
			buildSettings = {
				ASSETCATALOG_COMPILER_APPICON_NAME = AppIcon;
				ASSETCATALOG_COMPILER_GLOBAL_ACCENT_COLOR_NAME = AccentColor;
				CODE_SIGN_STYLE = Automatic;
				CURRENT_PROJECT_VERSION = 1;
				DEVELOPMENT_TEAM = SZNRL69X85;
				GENERATE_INFOPLIST_FILE = YES;
				INFOPLIST_FILE = JSON13.3Kanykey/Info.plist;
				INFOPLIST_KEY_UIApplicationSupportsIndirectInputEvents = YES;
				INFOPLIST_KEY_UILaunchStoryboardName = LaunchScreen;
				INFOPLIST_KEY_UIMainStoryboardFile = Main;
				INFOPLIST_KEY_UISupportedInterfaceOrientations_iPad = "UIInterfaceOrientationPortrait UIInterfaceOrientationPortraitUpsideDown UIInterfaceOrientationLandscapeLeft UIInterfaceOrientationLandscapeRight";
				INFOPLIST_KEY_UISupportedInterfaceOrientations_iPhone = "UIInterfaceOrientationPortrait UIInterfaceOrientationLandscapeLeft UIInterfaceOrientationLandscapeRight";
				LD_RUNPATH_SEARCH_PATHS = (
					"$(inherited)",
					"@executable_path/Frameworks",
				);
				MARKETING_VERSION = 1.0;
				PRODUCT_BUNDLE_IDENTIFIER = "KanykeyAlbanova.JSON13-3Kanykey";
				PRODUCT_NAME = "$(TARGET_NAME)";
				SWIFT_EMIT_LOC_STRINGS = YES;
				SWIFT_VERSION = 5.0;
				TARGETED_DEVICE_FAMILY = "1,2";
			};
			name = Release;
		};
/* End XCBuildConfiguration section */

/* Begin XCConfigurationList section */
		322DF25A2933F6E0001551DF /* Build configuration list for PBXProject "JSON13.3Kanykey" */ = {
			isa = XCConfigurationList;
			buildConfigurations = (
				322DF2712933F6E2001551DF /* Debug */,
				322DF2722933F6E2001551DF /* Release */,
			);
			defaultConfigurationIsVisible = 0;
			defaultConfigurationName = Release;
		};
		322DF2732933F6E2001551DF /* Build configuration list for PBXNativeTarget "JSON13.3Kanykey" */ = {
			isa = XCConfigurationList;
			buildConfigurations = (
				322DF2742933F6E2001551DF /* Debug */,
				322DF2752933F6E2001551DF /* Release */,
			);
			defaultConfigurationIsVisible = 0;
			defaultConfigurationName = Release;
		};
/* End XCConfigurationList section */
	};
	rootObject = 322DF2572933F6E0001551DF /* Project object */;
}
